
Microsoft Visual Studio Solution File, Format Version 10.00
# Visual Studio 2008
Project("{8BC9CEB8-8B4A-11D0-8D11-00A0C91BC942}") = "atl_plugin7", "atl_plugin7\atl_plugin7.vcproj", "{7149167B-6BC1-467C-AB14-CF586D768586}"
EndProject
Global
	GlobalSection(SolutionConfigurationPlatforms) = preSolution
		Debug|Win32 = Debug|Win32
		Release|Win32 = Release|Win32
	EndGlobalSection
	GlobalSection(ProjectConfigurationPlatforms) = postSolution
		{7149167B-6BC1-467C-AB14-CF586D768586}.Debug|Win32.ActiveCfg = Debug|Win32
		{7149167B-6BC1-467C-AB14-CF586D768586}.Debug|Win32.Build.0 = Debug|Win32
		{7149167B-6BC1-467C-AB14-CF586D768586}.Release|Win32.ActiveCfg = Release|Win32
		{7149167B-6BC1-467C-AB14-CF586D768586}.Release|Win32.Build.0 = Release|Win32
	EndGlobalSection
	GlobalSection(SolutionProperties) = preSolution
		HideSolutionNode = FALSE
	EndGlobalSection
EndGlobal
